
Microsoft Visual Studio Solution File, Format Version 12.00
# Visual Studio Version 16
VisualStudioVersion = 16.0.29020.237
MinimumVisualStudioVersion = 10.0.40219.1
Project("{FAE04EC0-301F-11D3-BF4B-00C04F79EFBC}") = "FileDiffer", "FileDiffer\FileDiffer.csproj", "{F129FBBF-AEB9-4FED-A5E6-C7C84C9E5BF7}"
EndProject
Global
	GlobalSection(SolutionConfigurationPlatforms) = preSolution
		Debug|Any CPU = Debug|Any CPU
		Release|Any CPU = Release|Any CPU
	EndGlobalSection
	GlobalSection(ProjectConfigurationPlatforms) = postSolution
		{F129FBBF-AEB9-4FED-A5E6-C7C84C9E5BF7}.Debug|Any CPU.ActiveCfg = Debug|Any CPU
		{F129FBBF-AEB9-4FED-A5E6-C7C84C9E5BF7}.Debug|Any CPU.Build.0 = Debug|Any CPU
		{F129FBBF-AEB9-4FED-A5E6-C7C84C9E5BF7}.Release|Any CPU.ActiveCfg = Release|Any CPU
		{F129FBBF-AEB9-4FED-A5E6-C7C84C9E5BF7}.Release|Any CPU.Build.0 = Release|Any CPU
	EndGlobalSection
	GlobalSection(SolutionProperties) = preSolution
		HideSolutionNode = FALSE
	EndGlobalSection
	GlobalSection(ExtensibilityGlobals) = postSolution
		SolutionGuid = {E6A2CE02-776E-4A88-8027-20B49793BE7E}
	EndGlobalSection
EndGlobal
